
Microsoft Visual Studio Solution File, Format Version 12.00
# Visual Studio 15
VisualStudioVersion = 15.0.27130.2027
MinimumVisualStudioVersion = 10.0.40219.1
Project("{FAE04EC0-301F-11D3-BF4B-00C04F79EFBC}") = "H3_DB_ORM", "H3_DB_ORM\H3_DB_ORM.csproj", "{04E953B4-A6E2-4532-94B4-86BCB89A0833}"
EndProject
Global
	GlobalSection(SolutionConfigurationPlatforms) = preSolution
		Debug|Any CPU = Debug|Any CPU
		Release|Any CPU = Release|Any CPU
	EndGlobalSection
	GlobalSection(ProjectConfigurationPlatforms) = postSolution
		{04E953B4-A6E2-4532-94B4-86BCB89A0833}.Debug|Any CPU.ActiveCfg = Debug|Any CPU
		{04E953B4-A6E2-4532-94B4-86BCB89A0833}.Debug|Any CPU.Build.0 = Debug|Any CPU
		{04E953B4-A6E2-4532-94B4-86BCB89A0833}.Release|Any CPU.ActiveCfg = Release|Any CPU
		{04E953B4-A6E2-4532-94B4-86BCB89A0833}.Release|Any CPU.Build.0 = Release|Any CPU
	EndGlobalSection
	GlobalSection(SolutionProperties) = preSolution
		HideSolutionNode = FALSE
	EndGlobalSection
	GlobalSection(ExtensibilityGlobals) = postSolution
		SolutionGuid = {398094A4-56A2-4E42-9D4B-1980B01EEB28}
	EndGlobalSection
EndGlobal
